
Microsoft Visual Studio Solution File, Format Version 12.00
# Visual Studio Version 17
VisualStudioVersion = 17.6.33829.357
MinimumVisualStudioVersion = 10.0.40219.1
Project("{FAE04EC0-301F-11D3-BF4B-00C04F79EFBC}") = "WebFootballApp", "WebFootballApp.csproj", "{AE3F1BFA-DE31-4338-A936-49AF7247B016}"
EndProject
Global
	GlobalSection(SolutionConfigurationPlatforms) = preSolution
		Debug|Any CPU = Debug|Any CPU
		Release|Any CPU = Release|Any CPU
	EndGlobalSection
	GlobalSection(ProjectConfigurationPlatforms) = postSolution
		{AE3F1BFA-DE31-4338-A936-49AF7247B016}.Debug|Any CPU.ActiveCfg = Debug|Any CPU
		{AE3F1BFA-DE31-4338-A936-49AF7247B016}.Debug|Any CPU.Build.0 = Debug|Any CPU
		{AE3F1BFA-DE31-4338-A936-49AF7247B016}.Release|Any CPU.ActiveCfg = Release|Any CPU
		{AE3F1BFA-DE31-4338-A936-49AF7247B016}.Release|Any CPU.Build.0 = Release|Any CPU
	EndGlobalSection
	GlobalSection(SolutionProperties) = preSolution
		HideSolutionNode = FALSE
	EndGlobalSection
	GlobalSection(ExtensibilityGlobals) = postSolution
		SolutionGuid = {6B3ACDBB-CEFC-4430-935B-C42EB1B2CBC6}
	EndGlobalSection
EndGlobal
